
Microsoft Visual Studio Solution File, Format Version 12.00
# Visual Studio Version 17
VisualStudioVersion = 17.9.34714.143
MinimumVisualStudioVersion = 10.0.40219.1
Project("{9A19103F-16F7-4668-BE54-9A1E7A4F7556}") = "SQLDemo", "SQLDemo.csproj", "{527D5139-6C6C-4E63-978D-85F31CD0B65F}"
EndProject
Global
	GlobalSection(SolutionConfigurationPlatforms) = preSolution
		Debug|Any CPU = Debug|Any CPU
		Release|Any CPU = Release|Any CPU
	EndGlobalSection
	GlobalSection(ProjectConfigurationPlatforms) = postSolution
		{527D5139-6C6C-4E63-978D-85F31CD0B65F}.Debug|Any CPU.ActiveCfg = Debug|Any CPU
		{527D5139-6C6C-4E63-978D-85F31CD0B65F}.Debug|Any CPU.Build.0 = Debug|Any CPU
		{527D5139-6C6C-4E63-978D-85F31CD0B65F}.Release|Any CPU.ActiveCfg = Release|Any CPU
		{527D5139-6C6C-4E63-978D-85F31CD0B65F}.Release|Any CPU.Build.0 = Release|Any CPU
	EndGlobalSection
	GlobalSection(SolutionProperties) = preSolution
		HideSolutionNode = FALSE
	EndGlobalSection
	GlobalSection(ExtensibilityGlobals) = postSolution
		SolutionGuid = {582CAB9E-5D7D-45A4-B22E-8E7A53408A23}
	EndGlobalSection
EndGlobal
