
Microsoft Visual Studio Solution File, Format Version 12.00
# Visual Studio Version 17
VisualStudioVersion = 17.9.34714.143
MinimumVisualStudioVersion = 10.0.40219.1
Project("{FAE04EC0-301F-11D3-BF4B-00C04F79EFBC}") = "CrudUsingAsyncAwait", "CrudUsingAsyncAwait\CrudUsingAsyncAwait.csproj", "{1B11BA38-8F48-4D7E-B55D-6EBD0AD418B6}"
EndProject
Global
	GlobalSection(SolutionConfigurationPlatforms) = preSolution
		Debug|Any CPU = Debug|Any CPU
		Release|Any CPU = Release|Any CPU
	EndGlobalSection
	GlobalSection(ProjectConfigurationPlatforms) = postSolution
		{1B11BA38-8F48-4D7E-B55D-6EBD0AD418B6}.Debug|Any CPU.ActiveCfg = Debug|Any CPU
		{1B11BA38-8F48-4D7E-B55D-6EBD0AD418B6}.Debug|Any CPU.Build.0 = Debug|Any CPU
		{1B11BA38-8F48-4D7E-B55D-6EBD0AD418B6}.Release|Any CPU.ActiveCfg = Release|Any CPU
		{1B11BA38-8F48-4D7E-B55D-6EBD0AD418B6}.Release|Any CPU.Build.0 = Release|Any CPU
	EndGlobalSection
	GlobalSection(SolutionProperties) = preSolution
		HideSolutionNode = FALSE
	EndGlobalSection
	GlobalSection(ExtensibilityGlobals) = postSolution
		SolutionGuid = {903C4973-DA12-4EC8-84B7-51FEE58EC911}
	EndGlobalSection
EndGlobal
