
Microsoft Visual Studio Solution File, Format Version 12.00
# Visual Studio Version 17
VisualStudioVersion = 17.9.34714.143
MinimumVisualStudioVersion = 10.0.40219.1
Project("{FAE04EC0-301F-11D3-BF4B-00C04F79EFBC}") = "CrudUsingLINQ", "CrudUsingLINQ\CrudUsingLINQ.csproj", "{8466B4C9-7DA8-4190-9F0B-62DF913E9F0F}"
EndProject
Global
	GlobalSection(SolutionConfigurationPlatforms) = preSolution
		Debug|Any CPU = Debug|Any CPU
		Release|Any CPU = Release|Any CPU
	EndGlobalSection
	GlobalSection(ProjectConfigurationPlatforms) = postSolution
		{8466B4C9-7DA8-4190-9F0B-62DF913E9F0F}.Debug|Any CPU.ActiveCfg = Debug|Any CPU
		{8466B4C9-7DA8-4190-9F0B-62DF913E9F0F}.Debug|Any CPU.Build.0 = Debug|Any CPU
		{8466B4C9-7DA8-4190-9F0B-62DF913E9F0F}.Release|Any CPU.ActiveCfg = Release|Any CPU
		{8466B4C9-7DA8-4190-9F0B-62DF913E9F0F}.Release|Any CPU.Build.0 = Release|Any CPU
	EndGlobalSection
	GlobalSection(SolutionProperties) = preSolution
		HideSolutionNode = FALSE
	EndGlobalSection
	GlobalSection(ExtensibilityGlobals) = postSolution
		SolutionGuid = {B47E4E74-7099-4DA2-AE57-24DF0C987595}
	EndGlobalSection
EndGlobal
